
Microsoft Visual Studio Solution File, Format Version 12.00
# Visual Studio Version 17
VisualStudioVersion = 17.8.34330.188
MinimumVisualStudioVersion = 10.0.40219.1
Project("{FAE04EC0-301F-11D3-BF4B-00C04F79EFBC}") = "Calculadora", "Calculadora\Calculadora.csproj", "{893A4165-819F-4C61-ACCE-001AE52F3C85}"
EndProject
Global
	GlobalSection(SolutionConfigurationPlatforms) = preSolution
		Debug|Any CPU = Debug|Any CPU
		Release|Any CPU = Release|Any CPU
	EndGlobalSection
	GlobalSection(ProjectConfigurationPlatforms) = postSolution
		{893A4165-819F-4C61-ACCE-001AE52F3C85}.Debug|Any CPU.ActiveCfg = Debug|Any CPU
		{893A4165-819F-4C61-ACCE-001AE52F3C85}.Debug|Any CPU.Build.0 = Debug|Any CPU
		{893A4165-819F-4C61-ACCE-001AE52F3C85}.Release|Any CPU.ActiveCfg = Release|Any CPU
		{893A4165-819F-4C61-ACCE-001AE52F3C85}.Release|Any CPU.Build.0 = Release|Any CPU
	EndGlobalSection
	GlobalSection(SolutionProperties) = preSolution
		HideSolutionNode = FALSE
	EndGlobalSection
	GlobalSection(ExtensibilityGlobals) = postSolution
		SolutionGuid = {5A318643-8A89-4096-98C0-6CC379263438}
	EndGlobalSection
EndGlobal
